
Microsoft Visual Studio Solution File, Format Version 12.00
# Visual Studio Version 17
VisualStudioVersion = 17.9.34728.123
MinimumVisualStudioVersion = 10.0.40219.1
Project("{FAE04EC0-301F-11D3-BF4B-00C04F79EFBC}") = "ST10361554_PROG6221_ICE_Task_3", "ST10361554_PROG6221_ICE_Task_3.csproj", "{887D33D4-0941-492C-8A77-644CC81C8C45}"
EndProject
Global
	GlobalSection(SolutionConfigurationPlatforms) = preSolution
		Debug|Any CPU = Debug|Any CPU
		Release|Any CPU = Release|Any CPU
	EndGlobalSection
	GlobalSection(ProjectConfigurationPlatforms) = postSolution
		{887D33D4-0941-492C-8A77-644CC81C8C45}.Debug|Any CPU.ActiveCfg = Debug|Any CPU
		{887D33D4-0941-492C-8A77-644CC81C8C45}.Debug|Any CPU.Build.0 = Debug|Any CPU
		{887D33D4-0941-492C-8A77-644CC81C8C45}.Release|Any CPU.ActiveCfg = Release|Any CPU
		{887D33D4-0941-492C-8A77-644CC81C8C45}.Release|Any CPU.Build.0 = Release|Any CPU
	EndGlobalSection
	GlobalSection(SolutionProperties) = preSolution
		HideSolutionNode = FALSE
	EndGlobalSection
	GlobalSection(ExtensibilityGlobals) = postSolution
		SolutionGuid = {5EA759F3-1370-474C-BFF7-B90B81AC4B70}
	EndGlobalSection
EndGlobal
